
Microsoft Visual Studio Solution File, Format Version 12.00
# Visual Studio 15
VisualStudioVersion = 15.0.28307.168
MinimumVisualStudioVersion = 10.0.40219.1
Project("{8BC9CEB8-8B4A-11D0-8D11-00A0C91BC942}") = "LightingExample", "LightingExample\LightingExample.vcxproj", "{1CA37E2D-FD4E-4701-81A4-C860C40A2456}"
EndProject
Global
	GlobalSection(SolutionConfigurationPlatforms) = preSolution
		Debug|x64 = Debug|x64
		Debug|x86 = Debug|x86
		Release|x64 = Release|x64
		Release|x86 = Release|x86
	EndGlobalSection
	GlobalSection(ProjectConfigurationPlatforms) = postSolution
		{1CA37E2D-FD4E-4701-81A4-C860C40A2456}.Debug|x64.ActiveCfg = Debug|x64
		{1CA37E2D-FD4E-4701-81A4-C860C40A2456}.Debug|x64.Build.0 = Debug|x64
		{1CA37E2D-FD4E-4701-81A4-C860C40A2456}.Debug|x86.ActiveCfg = Debug|Win32
		{1CA37E2D-FD4E-4701-81A4-C860C40A2456}.Debug|x86.Build.0 = Debug|Win32
		{1CA37E2D-FD4E-4701-81A4-C860C40A2456}.Release|x64.ActiveCfg = Release|x64
		{1CA37E2D-FD4E-4701-81A4-C860C40A2456}.Release|x64.Build.0 = Release|x64
		{1CA37E2D-FD4E-4701-81A4-C860C40A2456}.Release|x86.ActiveCfg = Release|Win32
		{1CA37E2D-FD4E-4701-81A4-C860C40A2456}.Release|x86.Build.0 = Release|Win32
	EndGlobalSection
	GlobalSection(SolutionProperties) = preSolution
		HideSolutionNode = FALSE
	EndGlobalSection
	GlobalSection(ExtensibilityGlobals) = postSolution
		SolutionGuid = {B6B5E559-ABED-4080-8848-3D25B13A3778}
	EndGlobalSection
EndGlobal
